
Microsoft Visual Studio Solution File, Format Version 12.00
Project("{FAE04EC0-301F-11D3-BF4B-00C04F79EFBC}") = "Challenge.EF", "Challenge.EF\Challenge.EF.csproj", "{1EE22088-6A5D-42F7-83D0-5D41CEB3384E}"
EndProject
Project("{FAE04EC0-301F-11D3-BF4B-00C04F79EFBC}") = "Challenge.Auth", "Challenge.Auth\Challenge.Auth.csproj", "{A0E4BD27-D0D7-43F5-8E15-76B1F0A23CE2}"
EndProject
Project("{FAE04EC0-301F-11D3-BF4B-00C04F79EFBC}") = "Challenge.Tests", "Challenge.Tests\Challenge.Tests.csproj", "{B9B1BB34-0119-4817-B126-788E7A52EE09}"
EndProject
Project("{FAE04EC0-301F-11D3-BF4B-00C04F79EFBC}") = "Challenge.Dapper", "Challenge.Dapper\Challenge.Dapper.csproj", "{DBAB8F41-2A09-4F07-A3FE-8ED119DF7FE0}"
EndProject
Global
	GlobalSection(SolutionConfigurationPlatforms) = preSolution
		Debug|Any CPU = Debug|Any CPU
		Release|Any CPU = Release|Any CPU
	EndGlobalSection
	GlobalSection(ProjectConfigurationPlatforms) = postSolution
		{1EE22088-6A5D-42F7-83D0-5D41CEB3384E}.Debug|Any CPU.ActiveCfg = Debug|Any CPU
		{1EE22088-6A5D-42F7-83D0-5D41CEB3384E}.Debug|Any CPU.Build.0 = Debug|Any CPU
		{1EE22088-6A5D-42F7-83D0-5D41CEB3384E}.Release|Any CPU.ActiveCfg = Release|Any CPU
		{1EE22088-6A5D-42F7-83D0-5D41CEB3384E}.Release|Any CPU.Build.0 = Release|Any CPU
		{A0E4BD27-D0D7-43F5-8E15-76B1F0A23CE2}.Debug|Any CPU.ActiveCfg = Debug|Any CPU
		{A0E4BD27-D0D7-43F5-8E15-76B1F0A23CE2}.Debug|Any CPU.Build.0 = Debug|Any CPU
		{A0E4BD27-D0D7-43F5-8E15-76B1F0A23CE2}.Release|Any CPU.ActiveCfg = Release|Any CPU
		{A0E4BD27-D0D7-43F5-8E15-76B1F0A23CE2}.Release|Any CPU.Build.0 = Release|Any CPU
		{B9B1BB34-0119-4817-B126-788E7A52EE09}.Debug|Any CPU.ActiveCfg = Debug|Any CPU
		{B9B1BB34-0119-4817-B126-788E7A52EE09}.Debug|Any CPU.Build.0 = Debug|Any CPU
		{B9B1BB34-0119-4817-B126-788E7A52EE09}.Release|Any CPU.ActiveCfg = Release|Any CPU
		{B9B1BB34-0119-4817-B126-788E7A52EE09}.Release|Any CPU.Build.0 = Release|Any CPU
		{DBAB8F41-2A09-4F07-A3FE-8ED119DF7FE0}.Debug|Any CPU.ActiveCfg = Debug|Any CPU
		{DBAB8F41-2A09-4F07-A3FE-8ED119DF7FE0}.Debug|Any CPU.Build.0 = Debug|Any CPU
		{DBAB8F41-2A09-4F07-A3FE-8ED119DF7FE0}.Release|Any CPU.ActiveCfg = Release|Any CPU
		{DBAB8F41-2A09-4F07-A3FE-8ED119DF7FE0}.Release|Any CPU.Build.0 = Release|Any CPU
	EndGlobalSection
EndGlobal
